
Microsoft Visual Studio Solution File, Format Version 12.00
# Visual Studio Version 16
VisualStudioVersion = 16.0.29920.165
MinimumVisualStudioVersion = 10.0.40219.1
Project("{FAE04EC0-301F-11D3-BF4B-00C04F79EFBC}") = "TicTacToe", "TicTacToe.csproj", "{BEF0257F-4EC7-4221-BC12-1DB11906A5A1}"
EndProject
Global
	GlobalSection(SolutionConfigurationPlatforms) = preSolution
		Debug|Any CPU = Debug|Any CPU
		Release|Any CPU = Release|Any CPU
	EndGlobalSection
	GlobalSection(ProjectConfigurationPlatforms) = postSolution
		{BEF0257F-4EC7-4221-BC12-1DB11906A5A1}.Debug|Any CPU.ActiveCfg = Debug|Any CPU
		{BEF0257F-4EC7-4221-BC12-1DB11906A5A1}.Debug|Any CPU.Build.0 = Debug|Any CPU
		{BEF0257F-4EC7-4221-BC12-1DB11906A5A1}.Release|Any CPU.ActiveCfg = Release|Any CPU
		{BEF0257F-4EC7-4221-BC12-1DB11906A5A1}.Release|Any CPU.Build.0 = Release|Any CPU
	EndGlobalSection
	GlobalSection(SolutionProperties) = preSolution
		HideSolutionNode = FALSE
	EndGlobalSection
	GlobalSection(ExtensibilityGlobals) = postSolution
		SolutionGuid = {A40DAABE-A810-4327-B568-F653D64C8B26}
	EndGlobalSection
EndGlobal
